
Microsoft Visual Studio Solution File, Format Version 12.00
# Visual Studio 15
VisualStudioVersion = 15.0.26730.16
MinimumVisualStudioVersion = 10.0.40219.1
Project("{2150E333-8FDC-42A3-9474-1A3956D46DE8}") = "Core", "Core", "{85054B57-4B0D-4A52-9AE9-89736A82A781}"
EndProject
Project("{2150E333-8FDC-42A3-9474-1A3956D46DE8}") = "Internet", "Internet", "{4A6EE5F9-2058-4412-AE75-3A2B544C3E71}"
EndProject
Project("{2150E333-8FDC-42A3-9474-1A3956D46DE8}") = "WindowServices", "WindowServices", "{C4E77B70-CC97-4349-AD48-706C35C0ECD2}"
EndProject
Project("{FAE04EC0-301F-11D3-BF4B-00C04F79EFBC}") = "Xinerji.Utilities", "Xinerji.Core.Utilities\Xinerji.Utilities.csproj", "{AD1A3D63-8D7A-42B0-A231-0B4D5127F4B6}"
EndProject
Project("{FAE04EC0-301F-11D3-BF4B-00C04F79EFBC}") = "Xinerji.Integration", "Xinerji.Core.Integration\Xinerji.Integration.csproj", "{8A2577DE-9F83-4872-9FE6-52E65570B3F8}"
EndProject
Project("{FAE04EC0-301F-11D3-BF4B-00C04F79EFBC}") = "Xinerji.Configuration", "Xinerji.Core.Configuration\Xinerji.Configuration.csproj", "{E0560DC6-B838-4A58-AA4A-B4DE7841E696}"
EndProject
Project("{FAE04EC0-301F-11D3-BF4B-00C04F79EFBC}") = "Xinerji.Jwt", "Xinerji.Core.Jwt\Xinerji.Jwt.csproj", "{3F7D6EAF-C6A3-4BC4-9843-9D92AF1A6897}"
EndProject
Project("{2150E333-8FDC-42A3-9474-1A3956D46DE8}") = "Services", "Services", "{528A1566-E88C-46F6-8C94-6BFA8B79D386}"
EndProject
Project("{FAE04EC0-301F-11D3-BF4B-00C04F79EFBC}") = "Xinerji.Dc.Model", "Xinerji.Dc.Model\Xinerji.Dc.Model.csproj", "{05311249-E080-4654-AEF5-D4C208853179}"
EndProject
Project("{FAE04EC0-301F-11D3-BF4B-00C04F79EFBC}") = "Xinerji.Exceptions", "Xinerji.Exceptions\Xinerji.Exceptions.csproj", "{151F9188-FB95-49F9-BAF3-4CEA6AE4A910}"
EndProject
Project("{FAE04EC0-301F-11D3-BF4B-00C04F79EFBC}") = "Xinerji.Dc.Internet.Model", "Xinerji.Dc.Internet.Model\Xinerji.Dc.Internet.Model.csproj", "{826BF748-D8BE-4D25-8F99-58D5AC5DF8DC}"
EndProject
Project("{FAE04EC0-301F-11D3-BF4B-00C04F79EFBC}") = "Xinerji.Dc.Services", "Xinerji.Dc.Services\Xinerji.Dc.Services.csproj", "{CAC1623D-BFD3-4D90-AB01-7D37C189AE57}"
EndProject
Project("{FAE04EC0-301F-11D3-BF4B-00C04F79EFBC}") = "Xinerji.Dc.Internet.Services", "Xinerji.Dc.Internet.Services\Xinerji.Dc.Internet.Services.csproj", "{D0B64143-B6BB-4494-B829-665D068E36C0}"
EndProject
Project("{FAE04EC0-301F-11D3-BF4B-00C04F79EFBC}") = "Xinerji.Dc.Web", "Xinerji.Dc.Web\Xinerji.Dc.Web.csproj", "{E40A0C89-1900-4817-95D9-C595481D43E8}"
EndProject
Project("{FAE04EC0-301F-11D3-BF4B-00C04F79EFBC}") = "Xinerji.Tester", "Xinerji.Tester\Xinerji.Tester.csproj", "{1AD663F4-87C6-4911-891A-66414ACF315E}"
EndProject
Global
	GlobalSection(SolutionConfigurationPlatforms) = preSolution
		Debug|Any CPU = Debug|Any CPU
		Release|Any CPU = Release|Any CPU
	EndGlobalSection
	GlobalSection(ProjectConfigurationPlatforms) = postSolution
		{AD1A3D63-8D7A-42B0-A231-0B4D5127F4B6}.Debug|Any CPU.ActiveCfg = Debug|Any CPU
		{AD1A3D63-8D7A-42B0-A231-0B4D5127F4B6}.Debug|Any CPU.Build.0 = Debug|Any CPU
		{AD1A3D63-8D7A-42B0-A231-0B4D5127F4B6}.Release|Any CPU.ActiveCfg = Release|Any CPU
		{AD1A3D63-8D7A-42B0-A231-0B4D5127F4B6}.Release|Any CPU.Build.0 = Release|Any CPU
		{8A2577DE-9F83-4872-9FE6-52E65570B3F8}.Debug|Any CPU.ActiveCfg = Debug|Any CPU
		{8A2577DE-9F83-4872-9FE6-52E65570B3F8}.Debug|Any CPU.Build.0 = Debug|Any CPU
		{8A2577DE-9F83-4872-9FE6-52E65570B3F8}.Release|Any CPU.ActiveCfg = Release|Any CPU
		{8A2577DE-9F83-4872-9FE6-52E65570B3F8}.Release|Any CPU.Build.0 = Release|Any CPU
		{E0560DC6-B838-4A58-AA4A-B4DE7841E696}.Debug|Any CPU.ActiveCfg = Debug|Any CPU
		{E0560DC6-B838-4A58-AA4A-B4DE7841E696}.Debug|Any CPU.Build.0 = Debug|Any CPU
		{E0560DC6-B838-4A58-AA4A-B4DE7841E696}.Release|Any CPU.ActiveCfg = Release|Any CPU
		{E0560DC6-B838-4A58-AA4A-B4DE7841E696}.Release|Any CPU.Build.0 = Release|Any CPU
		{3F7D6EAF-C6A3-4BC4-9843-9D92AF1A6897}.Debug|Any CPU.ActiveCfg = Debug|Any CPU
		{3F7D6EAF-C6A3-4BC4-9843-9D92AF1A6897}.Debug|Any CPU.Build.0 = Debug|Any CPU
		{3F7D6EAF-C6A3-4BC4-9843-9D92AF1A6897}.Release|Any CPU.ActiveCfg = Release|Any CPU
		{3F7D6EAF-C6A3-4BC4-9843-9D92AF1A6897}.Release|Any CPU.Build.0 = Release|Any CPU
		{05311249-E080-4654-AEF5-D4C208853179}.Debug|Any CPU.ActiveCfg = Debug|Any CPU
		{05311249-E080-4654-AEF5-D4C208853179}.Debug|Any CPU.Build.0 = Debug|Any CPU
		{05311249-E080-4654-AEF5-D4C208853179}.Release|Any CPU.ActiveCfg = Release|Any CPU
		{05311249-E080-4654-AEF5-D4C208853179}.Release|Any CPU.Build.0 = Release|Any CPU
		{151F9188-FB95-49F9-BAF3-4CEA6AE4A910}.Debug|Any CPU.ActiveCfg = Debug|Any CPU
		{151F9188-FB95-49F9-BAF3-4CEA6AE4A910}.Debug|Any CPU.Build.0 = Debug|Any CPU
		{151F9188-FB95-49F9-BAF3-4CEA6AE4A910}.Release|Any CPU.ActiveCfg = Release|Any CPU
		{151F9188-FB95-49F9-BAF3-4CEA6AE4A910}.Release|Any CPU.Build.0 = Release|Any CPU
		{826BF748-D8BE-4D25-8F99-58D5AC5DF8DC}.Debug|Any CPU.ActiveCfg = Debug|Any CPU
		{826BF748-D8BE-4D25-8F99-58D5AC5DF8DC}.Debug|Any CPU.Build.0 = Debug|Any CPU
		{826BF748-D8BE-4D25-8F99-58D5AC5DF8DC}.Release|Any CPU.ActiveCfg = Release|Any CPU
		{826BF748-D8BE-4D25-8F99-58D5AC5DF8DC}.Release|Any CPU.Build.0 = Release|Any CPU
		{CAC1623D-BFD3-4D90-AB01-7D37C189AE57}.Debug|Any CPU.ActiveCfg = Debug|Any CPU
		{CAC1623D-BFD3-4D90-AB01-7D37C189AE57}.Debug|Any CPU.Build.0 = Debug|Any CPU
		{CAC1623D-BFD3-4D90-AB01-7D37C189AE57}.Release|Any CPU.ActiveCfg = Release|Any CPU
		{CAC1623D-BFD3-4D90-AB01-7D37C189AE57}.Release|Any CPU.Build.0 = Release|Any CPU
		{D0B64143-B6BB-4494-B829-665D068E36C0}.Debug|Any CPU.ActiveCfg = Debug|Any CPU
		{D0B64143-B6BB-4494-B829-665D068E36C0}.Debug|Any CPU.Build.0 = Debug|Any CPU
		{D0B64143-B6BB-4494-B829-665D068E36C0}.Release|Any CPU.ActiveCfg = Release|Any CPU
		{D0B64143-B6BB-4494-B829-665D068E36C0}.Release|Any CPU.Build.0 = Release|Any CPU
		{E40A0C89-1900-4817-95D9-C595481D43E8}.Debug|Any CPU.ActiveCfg = Debug|Any CPU
		{E40A0C89-1900-4817-95D9-C595481D43E8}.Debug|Any CPU.Build.0 = Debug|Any CPU
		{E40A0C89-1900-4817-95D9-C595481D43E8}.Release|Any CPU.ActiveCfg = Release|Any CPU
		{E40A0C89-1900-4817-95D9-C595481D43E8}.Release|Any CPU.Build.0 = Release|Any CPU
		{1AD663F4-87C6-4911-891A-66414ACF315E}.Debug|Any CPU.ActiveCfg = Debug|Any CPU
		{1AD663F4-87C6-4911-891A-66414ACF315E}.Debug|Any CPU.Build.0 = Debug|Any CPU
		{1AD663F4-87C6-4911-891A-66414ACF315E}.Release|Any CPU.ActiveCfg = Release|Any CPU
		{1AD663F4-87C6-4911-891A-66414ACF315E}.Release|Any CPU.Build.0 = Release|Any CPU
	EndGlobalSection
	GlobalSection(SolutionProperties) = preSolution
		HideSolutionNode = FALSE
	EndGlobalSection
	GlobalSection(NestedProjects) = preSolution
		{AD1A3D63-8D7A-42B0-A231-0B4D5127F4B6} = {85054B57-4B0D-4A52-9AE9-89736A82A781}
		{8A2577DE-9F83-4872-9FE6-52E65570B3F8} = {85054B57-4B0D-4A52-9AE9-89736A82A781}
		{E0560DC6-B838-4A58-AA4A-B4DE7841E696} = {85054B57-4B0D-4A52-9AE9-89736A82A781}
		{3F7D6EAF-C6A3-4BC4-9843-9D92AF1A6897} = {85054B57-4B0D-4A52-9AE9-89736A82A781}
		{05311249-E080-4654-AEF5-D4C208853179} = {528A1566-E88C-46F6-8C94-6BFA8B79D386}
		{151F9188-FB95-49F9-BAF3-4CEA6AE4A910} = {85054B57-4B0D-4A52-9AE9-89736A82A781}
		{826BF748-D8BE-4D25-8F99-58D5AC5DF8DC} = {4A6EE5F9-2058-4412-AE75-3A2B544C3E71}
		{CAC1623D-BFD3-4D90-AB01-7D37C189AE57} = {528A1566-E88C-46F6-8C94-6BFA8B79D386}
		{D0B64143-B6BB-4494-B829-665D068E36C0} = {4A6EE5F9-2058-4412-AE75-3A2B544C3E71}
		{E40A0C89-1900-4817-95D9-C595481D43E8} = {4A6EE5F9-2058-4412-AE75-3A2B544C3E71}
		{1AD663F4-87C6-4911-891A-66414ACF315E} = {85054B57-4B0D-4A52-9AE9-89736A82A781}
	EndGlobalSection
	GlobalSection(ExtensibilityGlobals) = postSolution
		SolutionGuid = {17F3B3A9-3BCE-4F01-B3A6-A2B652D7FA8E}
	EndGlobalSection
EndGlobal
